
Microsoft Visual Studio Solution File, Format Version 12.00
# Visual Studio Version 17
VisualStudioVersion = 17.3.32901.215
MinimumVisualStudioVersion = 10.0.40219.1
Project("{FAE04EC0-301F-11D3-BF4B-00C04F79EFBC}") = "Webdoansayufood", "Webdoansayufood\Webdoansayufood.csproj", "{3E77B513-8538-4775-A9A6-C0B776413986}"
EndProject
Global
	GlobalSection(SolutionConfigurationPlatforms) = preSolution
		Debug|Any CPU = Debug|Any CPU
		Release|Any CPU = Release|Any CPU
	EndGlobalSection
	GlobalSection(ProjectConfigurationPlatforms) = postSolution
		{3E77B513-8538-4775-A9A6-C0B776413986}.Debug|Any CPU.ActiveCfg = Debug|Any CPU
		{3E77B513-8538-4775-A9A6-C0B776413986}.Debug|Any CPU.Build.0 = Debug|Any CPU
		{3E77B513-8538-4775-A9A6-C0B776413986}.Release|Any CPU.ActiveCfg = Release|Any CPU
		{3E77B513-8538-4775-A9A6-C0B776413986}.Release|Any CPU.Build.0 = Release|Any CPU
	EndGlobalSection
	GlobalSection(SolutionProperties) = preSolution
		HideSolutionNode = FALSE
	EndGlobalSection
	GlobalSection(ExtensibilityGlobals) = postSolution
		SolutionGuid = {D6C50278-8265-4397-959A-61BD81927C08}
	EndGlobalSection
EndGlobal
